
Microsoft Visual Studio Solution File, Format Version 11.00
# Visual Studio 2010
Project("{FAE04EC0-301F-11D3-BF4B-00C04F79EFBC}") = "Core", "Core\Core.csproj", "{CF6376F8-C97F-47C4-88D0-29D92DCCCAA2}"
EndProject
Project("{FAE04EC0-301F-11D3-BF4B-00C04F79EFBC}") = "Test", "Test\Test.csproj", "{FF551E69-8BF5-477D-86B5-BD2E046068D6}"
EndProject
Project("{FAE04EC0-301F-11D3-BF4B-00C04F79EFBC}") = "Output", "Output\Output.csproj", "{F0C15B8C-F407-476D-BB72-15A7CCA22569}"
EndProject
Global
	GlobalSection(SolutionConfigurationPlatforms) = preSolution
		Debug|Any CPU = Debug|Any CPU
		Debug|Mixed Platforms = Debug|Mixed Platforms
		Debug|x86 = Debug|x86
		Release|Any CPU = Release|Any CPU
		Release|Mixed Platforms = Release|Mixed Platforms
		Release|x86 = Release|x86
	EndGlobalSection
	GlobalSection(ProjectConfigurationPlatforms) = postSolution
		{CF6376F8-C97F-47C4-88D0-29D92DCCCAA2}.Debug|Any CPU.ActiveCfg = Debug|Any CPU
		{CF6376F8-C97F-47C4-88D0-29D92DCCCAA2}.Debug|Any CPU.Build.0 = Debug|Any CPU
		{CF6376F8-C97F-47C4-88D0-29D92DCCCAA2}.Debug|Mixed Platforms.ActiveCfg = Debug|Any CPU
		{CF6376F8-C97F-47C4-88D0-29D92DCCCAA2}.Debug|Mixed Platforms.Build.0 = Debug|Any CPU
		{CF6376F8-C97F-47C4-88D0-29D92DCCCAA2}.Debug|x86.ActiveCfg = Debug|Any CPU
		{CF6376F8-C97F-47C4-88D0-29D92DCCCAA2}.Release|Any CPU.ActiveCfg = Release|Any CPU
		{CF6376F8-C97F-47C4-88D0-29D92DCCCAA2}.Release|Any CPU.Build.0 = Release|Any CPU
		{CF6376F8-C97F-47C4-88D0-29D92DCCCAA2}.Release|Mixed Platforms.ActiveCfg = Release|Any CPU
		{CF6376F8-C97F-47C4-88D0-29D92DCCCAA2}.Release|Mixed Platforms.Build.0 = Release|Any CPU
		{CF6376F8-C97F-47C4-88D0-29D92DCCCAA2}.Release|x86.ActiveCfg = Release|Any CPU
		{FF551E69-8BF5-477D-86B5-BD2E046068D6}.Debug|Any CPU.ActiveCfg = Debug|Any CPU
		{FF551E69-8BF5-477D-86B5-BD2E046068D6}.Debug|Any CPU.Build.0 = Debug|Any CPU
		{FF551E69-8BF5-477D-86B5-BD2E046068D6}.Debug|Mixed Platforms.ActiveCfg = Debug|Any CPU
		{FF551E69-8BF5-477D-86B5-BD2E046068D6}.Debug|Mixed Platforms.Build.0 = Debug|Any CPU
		{FF551E69-8BF5-477D-86B5-BD2E046068D6}.Debug|x86.ActiveCfg = Debug|Any CPU
		{FF551E69-8BF5-477D-86B5-BD2E046068D6}.Release|Any CPU.ActiveCfg = Release|Any CPU
		{FF551E69-8BF5-477D-86B5-BD2E046068D6}.Release|Any CPU.Build.0 = Release|Any CPU
		{FF551E69-8BF5-477D-86B5-BD2E046068D6}.Release|Mixed Platforms.ActiveCfg = Release|Any CPU
		{FF551E69-8BF5-477D-86B5-BD2E046068D6}.Release|Mixed Platforms.Build.0 = Release|Any CPU
		{FF551E69-8BF5-477D-86B5-BD2E046068D6}.Release|x86.ActiveCfg = Release|Any CPU
		{F0C15B8C-F407-476D-BB72-15A7CCA22569}.Debug|Any CPU.ActiveCfg = Debug|x86
		{F0C15B8C-F407-476D-BB72-15A7CCA22569}.Debug|Mixed Platforms.ActiveCfg = Debug|x86
		{F0C15B8C-F407-476D-BB72-15A7CCA22569}.Debug|Mixed Platforms.Build.0 = Debug|x86
		{F0C15B8C-F407-476D-BB72-15A7CCA22569}.Debug|x86.ActiveCfg = Debug|x86
		{F0C15B8C-F407-476D-BB72-15A7CCA22569}.Debug|x86.Build.0 = Debug|x86
		{F0C15B8C-F407-476D-BB72-15A7CCA22569}.Release|Any CPU.ActiveCfg = Release|x86
		{F0C15B8C-F407-476D-BB72-15A7CCA22569}.Release|Mixed Platforms.ActiveCfg = Release|x86
		{F0C15B8C-F407-476D-BB72-15A7CCA22569}.Release|Mixed Platforms.Build.0 = Release|x86
		{F0C15B8C-F407-476D-BB72-15A7CCA22569}.Release|x86.ActiveCfg = Release|x86
		{F0C15B8C-F407-476D-BB72-15A7CCA22569}.Release|x86.Build.0 = Release|x86
	EndGlobalSection
	GlobalSection(SolutionProperties) = preSolution
		HideSolutionNode = FALSE
	EndGlobalSection
EndGlobal
